Microsoft Visual Studio Solution File, Format Version 12.00
# Visual Studio Version 17
VisualStudioVersion = 17.5.2.0
MinimumVisualStudioVersion = 10.0.40219.1
Project("{FAE04EC0-301F-11D3-BF4B-00C04F79EFBC}") = "Simple3dRenderer", "Simple3dRenderer.csproj", "{FDBE8206-2142-7D2A-4562-BF943A25E50B}"
EndProject
Global
	GlobalSection(SolutionConfigurationPlatforms) = preSolution
		Debug|Any CPU = Debug|Any CPU
		Release|Any CPU = Release|Any CPU
	EndGlobalSection
	GlobalSection(ProjectConfigurationPlatforms) = postSolution
		{FDBE8206-2142-7D2A-4562-BF943A25E50B}.Debug|Any CPU.ActiveCfg = Debug|Any CPU
		{FDBE8206-2142-7D2A-4562-BF943A25E50B}.Debug|Any CPU.Build.0 = Debug|Any CPU
		{FDBE8206-2142-7D2A-4562-BF943A25E50B}.Release|Any CPU.ActiveCfg = Release|Any CPU
		{FDBE8206-2142-7D2A-4562-BF943A25E50B}.Release|Any CPU.Build.0 = Release|Any CPU
	EndGlobalSection
	GlobalSection(SolutionProperties) = preSolution
		HideSolutionNode = FALSE
	EndGlobalSection
	GlobalSection(ExtensibilityGlobals) = postSolution
		SolutionGuid = {912911E7-F604-4D7D-8060-0D869BD21B5D}
	EndGlobalSection
EndGlobal
